
Microsoft Visual Studio Solution File, Format Version 11.00
# Visual Web Developer Express 2010
Project("{E24C65DC-7377-472B-9ABA-BC803B73C61A}") = "SourceCode", ".", "{250CF826-1786-4E13-B60D-15D3C05FAC66}"
	ProjectSection(WebsiteProperties) = preProject
		TargetFrameworkMoniker = ".NETFramework,Version%3Dv3.5"
		ProjectReferences = "{D5027B68-3468-42FF-B24C-3C6B5BBA571F}|CompuSportDAL.dll;"
		Debug.AspNetCompiler.VirtualPath = "/SourceCode"
		Debug.AspNetCompiler.PhysicalPath = "..\SourceCode\"
		Debug.AspNetCompiler.TargetPath = "PrecompiledWeb\SourceCode\"
		Debug.AspNetCompiler.Updateable = "true"
		Debug.AspNetCompiler.ForceOverwrite = "true"
		Debug.AspNetCompiler.FixedNames = "false"
		Debug.AspNetCompiler.Debug = "True"
		Release.AspNetCompiler.VirtualPath = "/SourceCode"
		Release.AspNetCompiler.PhysicalPath = "..\SourceCode\"
		Release.AspNetCompiler.TargetPath = "PrecompiledWeb\SourceCode\"
		Release.AspNetCompiler.Updateable = "true"
		Release.AspNetCompiler.ForceOverwrite = "true"
		Release.AspNetCompiler.FixedNames = "false"
		Release.AspNetCompiler.Debug = "False"
		VWDPort = "60914"
		VWDDynamicPort = "true"
		VWDVirtualPath = "/Compusport"
	EndProjectSection
EndProject
Project("{FAE04EC0-301F-11D3-BF4B-00C04F79EFBC}") = "CompuSportDAL", "..\CompuSportDAL\CompuSportDAL.csproj", "{D5027B68-3468-42FF-B24C-3C6B5BBA571F}"
EndProject
Global
	GlobalSection(SolutionConfigurationPlatforms) = preSolution
		Debug|Any CPU = Debug|Any CPU
		Release|Any CPU = Release|Any CPU
	EndGlobalSection
	GlobalSection(ProjectConfigurationPlatforms) = postSolution
		{250CF826-1786-4E13-B60D-15D3C05FAC66}.Debug|Any CPU.ActiveCfg = Debug|Any CPU
		{250CF826-1786-4E13-B60D-15D3C05FAC66}.Debug|Any CPU.Build.0 = Debug|Any CPU
		{250CF826-1786-4E13-B60D-15D3C05FAC66}.Release|Any CPU.ActiveCfg = Debug|Any CPU
		{250CF826-1786-4E13-B60D-15D3C05FAC66}.Release|Any CPU.Build.0 = Debug|Any CPU
		{D5027B68-3468-42FF-B24C-3C6B5BBA571F}.Debug|Any CPU.ActiveCfg = Debug|Any CPU
		{D5027B68-3468-42FF-B24C-3C6B5BBA571F}.Debug|Any CPU.Build.0 = Debug|Any CPU
		{D5027B68-3468-42FF-B24C-3C6B5BBA571F}.Release|Any CPU.ActiveCfg = Release|Any CPU
		{D5027B68-3468-42FF-B24C-3C6B5BBA571F}.Release|Any CPU.Build.0 = Release|Any CPU
	EndGlobalSection
	GlobalSection(SolutionProperties) = preSolution
		HideSolutionNode = FALSE
	EndGlobalSection
EndGlobal
